
Microsoft Visual Studio Solution File, Format Version 12.00
# Visual Studio Version 17
VisualStudioVersion = 17.9.34723.18
MinimumVisualStudioVersion = 10.0.40219.1
Project("{FAE04EC0-301F-11D3-BF4B-00C04F79EFBC}") = "TrabalhoATP", "TrabalhoATP\TrabalhoATP.csproj", "{1A82F63F-D203-4187-AFDA-9553E2AE310A}"
EndProject
Global
	GlobalSection(SolutionConfigurationPlatforms) = preSolution
		Debug|Any CPU = Debug|Any CPU
		Release|Any CPU = Release|Any CPU
	EndGlobalSection
	GlobalSection(ProjectConfigurationPlatforms) = postSolution
		{1A82F63F-D203-4187-AFDA-9553E2AE310A}.Debug|Any CPU.ActiveCfg = Debug|Any CPU
		{1A82F63F-D203-4187-AFDA-9553E2AE310A}.Debug|Any CPU.Build.0 = Debug|Any CPU
		{1A82F63F-D203-4187-AFDA-9553E2AE310A}.Release|Any CPU.ActiveCfg = Release|Any CPU
		{1A82F63F-D203-4187-AFDA-9553E2AE310A}.Release|Any CPU.Build.0 = Release|Any CPU
	EndGlobalSection
	GlobalSection(SolutionProperties) = preSolution
		HideSolutionNode = FALSE
	EndGlobalSection
	GlobalSection(ExtensibilityGlobals) = postSolution
		SolutionGuid = {E662CC21-EA11-45E4-AE7C-97ECD5773C79}
	EndGlobalSection
EndGlobal
